// !$*UTF8*$!
{
	archiveVersion = 1;
	classes = {
	};
	objectVersion = 55;
	objects = {

/* Begin PBXBuildFile section */
		9FE8C8202998EE6E0045A89F /* AppDelegate.swift in Sources */ = {isa = PBXBuildFile; fileRef = 9FE8C81F2998EE6E0045A89F /* AppDelegate.swift */; };
		9FE8C8222998EE6E0045A89F /* SceneDelegate.swift in Sources */ = {isa = PBXBuildFile; fileRef = 9FE8C8212998EE6E0045A89F /* SceneDelegate.swift */; };
		9FE8C8242998EE6E0045A89F /* ViewController.swift in Sources */ = {isa = PBXBuildFile; fileRef = 9FE8C8232998EE6E0045A89F /* ViewController.swift */; };
		9FE8C8272998EE6E0045A89F /* Main.storyboard in Resources */ = {isa = PBXBuildFile; fileRef = 9FE8C8252998EE6E0045A89F /* Main.storyboard */; };
		9FE8C8292998EE6F0045A89F /* Assets.xcassets in Resources */ = {isa = PBXBuildFile; fileRef = 9FE8C8282998EE6F0045A89F /* Assets.xcassets */; };
		9FE8C82C2998EE6F0045A89F /* LaunchScreen.storyboard in Resources */ = {isa = PBXBuildFile; fileRef = 9FE8C82A2998EE6F0045A89F /* LaunchScreen.storyboard */; };
		9FE8C8372998EE6F0045A89F /* MandiriTMDBTests.swift in Sources */ = {isa = PBXBuildFile; fileRef = 9FE8C8362998EE6F0045A89F /* MandiriTMDBTests.swift */; };
		9FE8C8412998EE6F0045A89F /* MandiriTMDBUITests.swift in Sources */ = {isa = PBXBuildFile; fileRef = 9FE8C8402998EE6F0045A89F /* MandiriTMDBUITests.swift */; };
		9FE8C8432998EE6F0045A89F /* MandiriTMDBUITestsLaunchTests.swift in Sources */ = {isa = PBXBuildFile; fileRef = 9FE8C8422998EE6F0045A89F /* MandiriTMDBUITestsLaunchTests.swift */; };
/* End PBXBuildFile section */

/* Begin PBXContainerItemProxy section */
		9FE8C8332998EE6F0045A89F /* PBXContainerItemProxy */ = {
			isa = PBXContainerItemProxy;
			containerPortal = 9FE8C8142998EE6E0045A89F /* Project object */;
			proxyType = 1;
			remoteGlobalIDString = 9FE8C81B2998EE6E0045A89F;
			remoteInfo = MandiriTMDB;
		};
		9FE8C83D2998EE6F0045A89F /* PBXContainerItemProxy */ = {
			isa = PBXContainerItemProxy;
			containerPortal = 9FE8C8142998EE6E0045A89F /* Project object */;
			proxyType = 1;
			remoteGlobalIDString = 9FE8C81B2998EE6E0045A89F;
			remoteInfo = MandiriTMDB;
		};
/* End PBXContainerItemProxy section */

/* Begin PBXFileReference section */
		9FE8C81C2998EE6E0045A89F /* MandiriTMDB.app */ = {isa = PBXFileReference; explicitFileType = wrapper.application; includeInIndex = 0; path = MandiriTMDB.app; sourceTree = BUILT_PRODUCTS_DIR; };
		9FE8C81F2998EE6E0045A89F /* AppDelegate.swift */ = {isa = PBXFileReference; lastKnownFileType = sourcecode.swift; path = AppDelegate.swift; sourceTree = "<group>"; };
		9FE8C8212998EE6E0045A89F /* SceneDelegate.swift */ = {isa = PBXFileReference; lastKnownFileType = sourcecode.swift; path = SceneDelegate.swift; sourceTree = "<group>"; };
		9FE8C8232998EE6E0045A89F /* ViewController.swift */ = {isa = PBXFileReference; lastKnownFileType = sourcecode.swift; path = ViewController.swift; sourceTree = "<group>"; };
		9FE8C8262998EE6E0045A89F /* Base */ = {isa = PBXFileReference; lastKnownFileType = file.storyboard; name = Base; path = Base.lproj/Main.storyboard; sourceTree = "<group>"; };
		9FE8C8282998EE6F0045A89F /* Assets.xcassets */ = {isa = PBXFileReference; lastKnownFileType = folder.assetcatalog; path = Assets.xcassets; sourceTree = "<group>"; };
		9FE8C82B2998EE6F0045A89F /* Base */ = {isa = PBXFileReference; lastKnownFileType = file.storyboard; name = Base; path = Base.lproj/LaunchScreen.storyboard; sourceTree = "<group>"; };
		9FE8C82D2998EE6F0045A89F /* Info.plist */ = {isa = PBXFileReference; lastKnownFileType = text.plist.xml; path = Info.plist; sourceTree = "<group>"; };
		9FE8C8322998EE6F0045A89F /* MandiriTMDBTests.xctest */ = {isa = PBXFileReference; explicitFileType = wrapper.cfbundle; includeInIndex = 0; path = MandiriTMDBTests.xctest; sourceTree = BUILT_PRODUCTS_DIR; };
		9FE8C8362998EE6F0045A89F /* MandiriTMDBTests.swift */ = {isa = PBXFileReference; lastKnownFileType = sourcecode.swift; path = MandiriTMDBTests.swift; sourceTree = "<group>"; };
		9FE8C83C2998EE6F0045A89F /* MandiriTMDBUITests.xctest */ = {isa = PBXFileReference; explicitFileType = wrapper.cfbundle; includeInIndex = 0; path = MandiriTMDBUITests.xctest; sourceTree = BUILT_PRODUCTS_DIR; };
		9FE8C8402998EE6F0045A89F /* MandiriTMDBUITests.swift */ = {isa = PBXFileReference; lastKnownFileType = sourcecode.swift; path = MandiriTMDBUITests.swift; sourceTree = "<group>"; };
		9FE8C8422998EE6F0045A89F /* MandiriTMDBUITestsLaunchTests.swift */ = {isa = PBXFileReference; lastKnownFileType = sourcecode.swift; path = MandiriTMDBUITestsLaunchTests.swift; sourceTree = "<group>"; };
/* End PBXFileReference section */

/* Begin PBXFrameworksBuildPhase section */
		9FE8C8192998EE6E0045A89F /* Frameworks */ = {
			isa = PBXFrameworksBuildPhase;
			buildActionMask = 2147483647;
			files = (
			);
			runOnlyForDeploymentPostprocessing = 0;
		};
		9FE8C82F2998EE6F0045A89F /* Frameworks */ = {
			isa = PBXFrameworksBuildPhase;
			buildActionMask = 2147483647;
			files = (
			);
			runOnlyForDeploymentPostprocessing = 0;
		};
		9FE8C8392998EE6F0045A89F /* Frameworks */ = {
			isa = PBXFrameworksBuildPhase;
			buildActionMask = 2147483647;
			files = (
			);
			runOnlyForDeploymentPostprocessing = 0;
		};
/* End PBXFrameworksBuildPhase section */

/* Begin PBXGroup section */
		9FE8C8132998EE6E0045A89F = {
			isa = PBXGroup;
			children = (
				9FE8C81E2998EE6E0045A89F /* MandiriTMDB */,
				9FE8C8352998EE6F0045A89F /* MandiriTMDBTests */,
				9FE8C83F2998EE6F0045A89F /* MandiriTMDBUITests */,
				9FE8C81D2998EE6E0045A89F /* Products */,
			);
			sourceTree = "<group>";
		};
		9FE8C81D2998EE6E0045A89F /* Products */ = {
			isa = PBXGroup;
			children = (
				9FE8C81C2998EE6E0045A89F /* MandiriTMDB.app */,
				9FE8C8322998EE6F0045A89F /* MandiriTMDBTests.xctest */,
				9FE8C83C2998EE6F0045A89F /* MandiriTMDBUITests.xctest */,
			);
			name = Products;
			sourceTree = "<group>";
		};
		9FE8C81E2998EE6E0045A89F /* MandiriTMDB */ = {
			isa = PBXGroup;
			children = (
				9FE8C81F2998EE6E0045A89F /* AppDelegate.swift */,
				9FE8C8212998EE6E0045A89F /* SceneDelegate.swift */,
				9FE8C8232998EE6E0045A89F /* ViewController.swift */,
				9FE8C8252998EE6E0045A89F /* Main.storyboard */,
				9FE8C8282998EE6F0045A89F /* Assets.xcassets */,
				9FE8C82A2998EE6F0045A89F /* LaunchScreen.storyboard */,
				9FE8C82D2998EE6F0045A89F /* Info.plist */,
			);
			path = MandiriTMDB;
			sourceTree = "<group>";
		};
		9FE8C8352998EE6F0045A89F /* MandiriTMDBTests */ = {
			isa = PBXGroup;
			children = (
				9FE8C8362998EE6F0045A89F /* MandiriTMDBTests.swift */,
			);
			path = MandiriTMDBTests;
			sourceTree = "<group>";
		};
		9FE8C83F2998EE6F0045A89F /* MandiriTMDBUITests */ = {
			isa = PBXGroup;
			children = (
				9FE8C8402998EE6F0045A89F /* MandiriTMDBUITests.swift */,
				9FE8C8422998EE6F0045A89F /* MandiriTMDBUITestsLaunchTests.swift */,
			);
			path = MandiriTMDBUITests;
			sourceTree = "<group>";
		};
/* End PBXGroup section */

/* Begin PBXNativeTarget section */
		9FE8C81B2998EE6E0045A89F /* MandiriTMDB */ = {
			isa = PBXNativeTarget;
			buildConfigurationList = 9FE8C8462998EE6F0045A89F /* Build configuration list for PBXNativeTarget "MandiriTMDB" */;
			buildPhases = (
				9FE8C8182998EE6E0045A89F /* Sources */,
				9FE8C8192998EE6E0045A89F /* Frameworks */,
				9FE8C81A2998EE6E0045A89F /* Resources */,
			);
			buildRules = (
			);
			dependencies = (
			);
			name = MandiriTMDB;
			productName = MandiriTMDB;
			productReference = 9FE8C81C2998EE6E0045A89F /* MandiriTMDB.app */;
			productType = "com.apple.product-type.application";
		};
		9FE8C8312998EE6F0045A89F /* MandiriTMDBTests */ = {
			isa = PBXNativeTarget;
			buildConfigurationList = 9FE8C8492998EE6F0045A89F /* Build configuration list for PBXNativeTarget "MandiriTMDBTests" */;
			buildPhases = (
				9FE8C82E2998EE6F0045A89F /* Sources */,
				9FE8C82F2998EE6F0045A89F /* Frameworks */,
				9FE8C8302998EE6F0045A89F /* Resources */,
			);
			buildRules = (
			);
			dependencies = (
				9FE8C8342998EE6F0045A89F /* PBXTargetDependency */,
			);
			name = MandiriTMDBTests;
			productName = MandiriTMDBTests;
			productReference = 9FE8C8322998EE6F0045A89F /* MandiriTMDBTests.xctest */;
			productType = "com.apple.product-type.bundle.unit-test";
		};
		9FE8C83B2998EE6F0045A89F /* MandiriTMDBUITests */ = {
			isa = PBXNativeTarget;
			buildConfigurationList = 9FE8C84C2998EE6F0045A89F /* Build configuration list for PBXNativeTarget "MandiriTMDBUITests" */;
			buildPhases = (
				9FE8C8382998EE6F0045A89F /* Sources */,
				9FE8C8392998EE6F0045A89F /* Frameworks */,
				9FE8C83A2998EE6F0045A89F /* Resources */,
			);
			buildRules = (
			);
			dependencies = (
				9FE8C83E2998EE6F0045A89F /* PBXTargetDependency */,
			);
			name = MandiriTMDBUITests;
			productName = MandiriTMDBUITests;
			productReference = 9FE8C83C2998EE6F0045A89F /* MandiriTMDBUITests.xctest */;
			productType = "com.apple.product-type.bundle.ui-testing";
		};
/* End PBXNativeTarget section */

/* Begin PBXProject section */
		9FE8C8142998EE6E0045A89F /* Project object */ = {
			isa = PBXProject;
			attributes = {
				BuildIndependentTargetsInParallel = 1;
				LastSwiftUpdateCheck = 1330;
				LastUpgradeCheck = 1330;
				TargetAttributes = {
					9FE8C81B2998EE6E0045A89F = {
						CreatedOnToolsVersion = 13.3;
					};
					9FE8C8312998EE6F0045A89F = {
						CreatedOnToolsVersion = 13.3;
						TestTargetID = 9FE8C81B2998EE6E0045A89F;
					};
					9FE8C83B2998EE6F0045A89F = {
						CreatedOnToolsVersion = 13.3;
						TestTargetID = 9FE8C81B2998EE6E0045A89F;
					};
				};
			};
			buildConfigurationList = 9FE8C8172998EE6E0045A89F /* Build configuration list for PBXProject "MandiriTMDB" */;
			compatibilityVersion = "Xcode 13.0";
			developmentRegion = en;
			hasScannedForEncodings = 0;
			knownRegions = (
				en,
				Base,
			);
			mainGroup = 9FE8C8132998EE6E0045A89F;
			productRefGroup = 9FE8C81D2998EE6E0045A89F /* Products */;
			projectDirPath = "";
			projectRoot = "";
			targets = (
				9FE8C81B2998EE6E0045A89F /* MandiriTMDB */,
				9FE8C8312998EE6F0045A89F /* MandiriTMDBTests */,
				9FE8C83B2998EE6F0045A89F /* MandiriTMDBUITests */,
			);
		};
/* End PBXProject section */

/* Begin PBXResourcesBuildPhase section */
		9FE8C81A2998EE6E0045A89F /* Resources */ = {
			isa = PBXResourcesBuildPhase;
			buildActionMask = 2147483647;
			files = (
				9FE8C82C2998EE6F0045A89F /* LaunchScreen.storyboard in Resources */,
				9FE8C8292998EE6F0045A89F /* Assets.xcassets in Resources */,
				9FE8C8272998EE6E0045A89F /* Main.storyboard in Resources */,
			);
			runOnlyForDeploymentPostprocessing = 0;
		};
		9FE8C8302998EE6F0045A89F /* Resources */ = {
			isa = PBXResourcesBuildPhase;
			buildActionMask = 2147483647;
			files = (
			);
			runOnlyForDeploymentPostprocessing = 0;
		};
		9FE8C83A2998EE6F0045A89F /* Resources */ = {
			isa = PBXResourcesBuildPhase;
			buildActionMask = 2147483647;
			files = (
			);
			runOnlyForDeploymentPostprocessing = 0;
		};
/* End PBXResourcesBuildPhase section */

/* Begin PBXSourcesBuildPhase section */
		9FE8C8182998EE6E0045A89F /* Sources */ = {
			isa = PBXSourcesBuildPhase;
			buildActionMask = 2147483647;
			files = (
				9FE8C8242998EE6E0045A89F /* ViewController.swift in Sources */,
				9FE8C8202998EE6E0045A89F /* AppDelegate.swift in Sources */,
				9FE8C8222998EE6E0045A89F /* SceneDelegate.swift in Sources */,
			);
			runOnlyForDeploymentPostprocessing = 0;
		};
		9FE8C82E2998EE6F0045A89F /* Sources */ = {
			isa = PBXSourcesBuildPhase;
			buildActionMask = 2147483647;
			files = (
				9FE8C8372998EE6F0045A89F /* MandiriTMDBTests.swift in Sources */,
			);
			runOnlyForDeploymentPostprocessing = 0;
		};
		9FE8C8382998EE6F0045A89F /* Sources */ = {
			isa = PBXSourcesBuildPhase;
			buildActionMask = 2147483647;
			files = (
				9FE8C8432998EE6F0045A89F /* MandiriTMDBUITestsLaunchTests.swift in Sources */,
				9FE8C8412998EE6F0045A89F /* MandiriTMDBUITests.swift in Sources */,
			);
			runOnlyForDeploymentPostprocessing = 0;
		};
/* End PBXSourcesBuildPhase section */

/* Begin PBXTargetDependency section */
		9FE8C8342998EE6F0045A89F /* PBXTargetDependency */ = {
			isa = PBXTargetDependency;
			target = 9FE8C81B2998EE6E0045A89F /* MandiriTMDB */;
			targetProxy = 9FE8C8332998EE6F0045A89F /* PBXContainerItemProxy */;
		};
		9FE8C83E2998EE6F0045A89F /* PBXTargetDependency */ = {
			isa = PBXTargetDependency;
			target = 9FE8C81B2998EE6E0045A89F /* MandiriTMDB */;
			targetProxy = 9FE8C83D2998EE6F0045A89F /* PBXContainerItemProxy */;
		};
/* End PBXTargetDependency section */

/* Begin PBXVariantGroup section */
		9FE8C8252998EE6E0045A89F /* Main.storyboard */ = {
			isa = PBXVariantGroup;
			children = (
				9FE8C8262998EE6E0045A89F /* Base */,
			);
			name = Main.storyboard;
			sourceTree = "<group>";
		};
		9FE8C82A2998EE6F0045A89F /* LaunchScreen.storyboard */ = {
			isa = PBXVariantGroup;
			children = (
				9FE8C82B2998EE6F0045A89F /* Base */,
			);
			name = LaunchScreen.storyboard;
			sourceTree = "<group>";
		};
/* End PBXVariantGroup section */

/* Begin XCBuildConfiguration section */
		9FE8C8442998EE6F0045A89F /* Debug */ = {
			isa = XCBuildConfiguration;
			buildSettings = {
				ALWAYS_SEARCH_USER_PATHS = NO;
				CLANG_ANALYZER_NONNULL = YES;
				CLANG_ANALYZER_NUMBER_OBJECT_CONVERSION = YES_AGGRESSIVE;
				CLANG_CXX_LANGUAGE_STANDARD = "gnu++17";
				CLANG_ENABLE_MODULES = YES;
				CLANG_ENABLE_OBJC_ARC = YES;
				CLANG_ENABLE_OBJC_WEAK = YES;
				CLANG_WARN_BLOCK_CAPTURE_AUTORELEASING = YES;
				CLANG_WARN_BOOL_CONVERSION = YES;
				CLANG_WARN_COMMA = YES;
				CLANG_WARN_CONSTANT_CONVERSION = YES;
				CLANG_WARN_DEPRECATED_OBJC_IMPLEMENTATIONS = YES;
				CLANG_WARN_DIRECT_OBJC_ISA_USAGE = YES_ERROR;
				CLANG_WARN_DOCUMENTATION_COMMENTS = YES;
				CLANG_WARN_EMPTY_BODY = YES;
				CLANG_WARN_ENUM_CONVERSION = YES;
				CLANG_WARN_INFINITE_RECURSION = YES;
				CLANG_WARN_INT_CONVERSION = YES;
				CLANG_WARN_NON_LITERAL_NULL_CONVERSION = YES;
				CLANG_WARN_OBJC_IMPLICIT_RETAIN_SELF = YES;
				CLANG_WARN_OBJC_LITERAL_CONVERSION = YES;
				CLANG_WARN_OBJC_ROOT_CLASS = YES_ERROR;
				CLANG_WARN_QUOTED_INCLUDE_IN_FRAMEWORK_HEADER = YES;
				CLANG_WARN_RANGE_LOOP_ANALYSIS = YES;
				CLANG_WARN_STRICT_PROTOTYPES = YES;
				CLANG_WARN_SUSPICIOUS_MOVE = YES;
				CLANG_WARN_UNGUARDED_AVAILABILITY = YES_AGGRESSIVE;
				CLANG_WARN_UNREACHABLE_CODE = YES;
				CLANG_WARN__DUPLICATE_METHOD_MATCH = YES;
				COPY_PHASE_STRIP = NO;
				DEBUG_INFORMATION_FORMAT = dwarf;
				ENABLE_STRICT_OBJC_MSGSEND = YES;
				ENABLE_TESTABILITY = YES;
				GCC_C_LANGUAGE_STANDARD = gnu11;
				GCC_DYNAMIC_NO_PIC = NO;
				GCC_NO_COMMON_BLOCKS = YES;
				GCC_OPTIMIZATION_LEVEL = 0;
				GCC_PREPROCESSOR_DEFINITIONS = (
					"DEBUG=1",
					"$(inherited)",
				);
				GCC_WARN_64_TO_32_BIT_CONVERSION = YES;
				GCC_WARN_ABOUT_RETURN_TYPE = YES_ERROR;
				GCC_WARN_UNDECLARED_SELECTOR = YES;
				GCC_WARN_UNINITIALIZED_AUTOS = YES_AGGRESSIVE;
				GCC_WARN_UNUSED_FUNCTION = YES;
				GCC_WARN_UNUSED_VARIABLE = YES;
				IPHONEOS_DEPLOYMENT_TARGET = 15.4;
				MTL_ENABLE_DEBUG_INFO = INCLUDE_SOURCE;
				MTL_FAST_MATH = YES;
				ONLY_ACTIVE_ARCH = YES;
				SDKROOT = iphoneos;
				SWIFT_ACTIVE_COMPILATION_CONDITIONS = DEBUG;
				SWIFT_OPTIMIZATION_LEVEL = "-Onone";
			};
			name = Debug;
		};
		9FE8C8452998EE6F0045A89F /* Release */ = {
			isa = XCBuildConfiguration;
			buildSettings = {
				ALWAYS_SEARCH_USER_PATHS = NO;
				CLANG_ANALYZER_NONNULL = YES;
				CLANG_ANALYZER_NUMBER_OBJECT_CONVERSION = YES_AGGRESSIVE;
				CLANG_CXX_LANGUAGE_STANDARD = "gnu++17";
				CLANG_ENABLE_MODULES = YES;
				CLANG_ENABLE_OBJC_ARC = YES;
				CLANG_ENABLE_OBJC_WEAK = YES;
				CLANG_WARN_BLOCK_CAPTURE_AUTORELEASING = YES;
				CLANG_WARN_BOOL_CONVERSION = YES;
				CLANG_WARN_COMMA = YES;
				CLANG_WARN_CONSTANT_CONVERSION = YES;
				CLANG_WARN_DEPRECATED_OBJC_IMPLEMENTATIONS = YES;
				CLANG_WARN_DIRECT_OBJC_ISA_USAGE = YES_ERROR;
				CLANG_WARN_DOCUMENTATION_COMMENTS = YES;
				CLANG_WARN_EMPTY_BODY = YES;
				CLANG_WARN_ENUM_CONVERSION = YES;
				CLANG_WARN_INFINITE_RECURSION = YES;
				CLANG_WARN_INT_CONVERSION = YES;
				CLANG_WARN_NON_LITERAL_NULL_CONVERSION = YES;
				CLANG_WARN_OBJC_IMPLICIT_RETAIN_SELF = YES;
				CLANG_WARN_OBJC_LITERAL_CONVERSION = YES;
				CLANG_WARN_OBJC_ROOT_CLASS = YES_ERROR;
				CLANG_WARN_QUOTED_INCLUDE_IN_FRAMEWORK_HEADER = YES;
				CLANG_WARN_RANGE_LOOP_ANALYSIS = YES;
				CLANG_WARN_STRICT_PROTOTYPES = YES;
				CLANG_WARN_SUSPICIOUS_MOVE = YES;
				CLANG_WARN_UNGUARDED_AVAILABILITY = YES_AGGRESSIVE;
				CLANG_WARN_UNREACHABLE_CODE = YES;
				CLANG_WARN__DUPLICATE_METHOD_MATCH = YES;
				COPY_PHASE_STRIP = NO;
				DEBUG_INFORMATION_FORMAT = "dwarf-with-dsym";
				ENABLE_NS_ASSERTIONS = NO;
				ENABLE_STRICT_OBJC_MSGSEND = YES;
				GCC_C_LANGUAGE_STANDARD = gnu11;
				GCC_NO_COMMON_BLOCKS = YES;
				GCC_WARN_64_TO_32_BIT_CONVERSION = YES;
				GCC_WARN_ABOUT_RETURN_TYPE = YES_ERROR;
				GCC_WARN_UNDECLARED_SELECTOR = YES;
				GCC_WARN_UNINITIALIZED_AUTOS = YES_AGGRESSIVE;
				GCC_WARN_UNUSED_FUNCTION = YES;
				GCC_WARN_UNUSED_VARIABLE = YES;
				IPHONEOS_DEPLOYMENT_TARGET = 15.4;
				MTL_ENABLE_DEBUG_INFO = NO;
				MTL_FAST_MATH = YES;
				SDKROOT = iphoneos;
				SWIFT_COMPILATION_MODE = wholemodule;
				SWIFT_OPTIMIZATION_LEVEL = "-O";
				VALIDATE_PRODUCT = YES;
			};
			name = Release;
		};
		9FE8C8472998EE6F0045A89F /* Debug */ = {
			isa = XCBuildConfiguration;
			buildSettings = {
				ASSETCATALOG_COMPILER_APPICON_NAME = AppIcon;
				ASSETCATALOG_COMPILER_GLOBAL_ACCENT_COLOR_NAME = AccentColor;
				CODE_SIGN_STYLE = Automatic;
				CURRENT_PROJECT_VERSION = 1;
				DEVELOPMENT_TEAM = 7HL4K7BKC6;
				GENERATE_INFOPLIST_FILE = YES;
				INFOPLIST_FILE = MandiriTMDB/Info.plist;
				INFOPLIST_KEY_UIApplicationSupportsIndirectInputEvents = YES;
				INFOPLIST_KEY_UILaunchStoryboardName = LaunchScreen;
				INFOPLIST_KEY_UIMainStoryboardFile = Main;
				INFOPLIST_KEY_UISupportedInterfaceOrientations_iPad = "UIInterfaceOrientationPortrait UIInterfaceOrientationPortraitUpsideDown UIInterfaceOrientationLandscapeLeft UIInterfaceOrientationLandscapeRight";
				INFOPLIST_KEY_UISupportedInterfaceOrientations_iPhone = "UIInterfaceOrientationPortrait UIInterfaceOrientationLandscapeLeft UIInterfaceOrientationLandscapeRight";
				LD_RUNPATH_SEARCH_PATHS = (
					"$(inherited)",
					"@executable_path/Frameworks",
				);
				MARKETING_VERSION = 1.0;
				PRODUCT_BUNDLE_IDENTIFIER = com.nurchoirudin.MandiriTMDB;
				PRODUCT_NAME = "$(TARGET_NAME)";
				SWIFT_EMIT_LOC_STRINGS = YES;
				SWIFT_VERSION = 5.0;
				TARGETED_DEVICE_FAMILY = "1,2";
			};
			name = Debug;
		};
		9FE8C8482998EE6F0045A89F /* Release */ = {
			isa = XCBuildConfiguration;
			buildSettings = {
				ASSETCATALOG_COMPILER_APPICON_NAME = AppIcon;
				ASSETCATALOG_COMPILER_GLOBAL_ACCENT_COLOR_NAME = AccentColor;
				CODE_SIGN_STYLE = Automatic;
				CURRENT_PROJECT_VERSION = 1;
				DEVELOPMENT_TEAM = 7HL4K7BKC6;
				GENERATE_INFOPLIST_FILE = YES;
				INFOPLIST_FILE = MandiriTMDB/Info.plist;
				INFOPLIST_KEY_UIApplicationSupportsIndirectInputEvents = YES;
				INFOPLIST_KEY_UILaunchStoryboardName = LaunchScreen;
				INFOPLIST_KEY_UIMainStoryboardFile = Main;
				INFOPLIST_KEY_UISupportedInterfaceOrientations_iPad = "UIInterfaceOrientationPortrait UIInterfaceOrientationPortraitUpsideDown UIInterfaceOrientationLandscapeLeft UIInterfaceOrientationLandscapeRight";
				INFOPLIST_KEY_UISupportedInterfaceOrientations_iPhone = "UIInterfaceOrientationPortrait UIInterfaceOrientationLandscapeLeft UIInterfaceOrientationLandscapeRight";
				LD_RUNPATH_SEARCH_PATHS = (
					"$(inherited)",
					"@executable_path/Frameworks",
				);
				MARKETING_VERSION = 1.0;
				PRODUCT_BUNDLE_IDENTIFIER = com.nurchoirudin.MandiriTMDB;
				PRODUCT_NAME = "$(TARGET_NAME)";
				SWIFT_EMIT_LOC_STRINGS = YES;
				SWIFT_VERSION = 5.0;
				TARGETED_DEVICE_FAMILY = "1,2";
			};
			name = Release;
		};
		9FE8C84A2998EE6F0045A89F /* Debug */ = {
			isa = XCBuildConfiguration;
			buildSettings = {
				ALWAYS_EMBED_SWIFT_STANDARD_LIBRARIES = YES;
				BUNDLE_LOADER = "$(TEST_HOST)";
				CODE_SIGN_STYLE = Automatic;
				CURRENT_PROJECT_VERSION = 1;
				DEVELOPMENT_TEAM = 7HL4K7BKC6;
				GENERATE_INFOPLIST_FILE = YES;
				IPHONEOS_DEPLOYMENT_TARGET = 15.4;
				MARKETING_VERSION = 1.0;
				PRODUCT_BUNDLE_IDENTIFIER = com.nurchoirudin.MandiriTMDBTests;
				PRODUCT_NAME = "$(TARGET_NAME)";
				SWIFT_EMIT_LOC_STRINGS = NO;
				SWIFT_VERSION = 5.0;
				TARGETED_DEVICE_FAMILY = "1,2";
				TEST_HOST = "$(BUILT_PRODUCTS_DIR)/MandiriTMDB.app/MandiriTMDB";
			};
			name = Debug;
		};
		9FE8C84B2998EE6F0045A89F /* Release */ = {
			isa = XCBuildConfiguration;
			buildSettings = {
				ALWAYS_EMBED_SWIFT_STANDARD_LIBRARIES = YES;
				BUNDLE_LOADER = "$(TEST_HOST)";
				CODE_SIGN_STYLE = Automatic;
				CURRENT_PROJECT_VERSION = 1;
				DEVELOPMENT_TEAM = 7HL4K7BKC6;
				GENERATE_INFOPLIST_FILE = YES;
				IPHONEOS_DEPLOYMENT_TARGET = 15.4;
				MARKETING_VERSION = 1.0;
				PRODUCT_BUNDLE_IDENTIFIER = com.nurchoirudin.MandiriTMDBTests;
				PRODUCT_NAME = "$(TARGET_NAME)";
				SWIFT_EMIT_LOC_STRINGS = NO;
				SWIFT_VERSION = 5.0;
				TARGETED_DEVICE_FAMILY = "1,2";
				TEST_HOST = "$(BUILT_PRODUCTS_DIR)/MandiriTMDB.app/MandiriTMDB";
			};
			name = Release;
		};
		9FE8C84D2998EE6F0045A89F /* Debug */ = {
			isa = XCBuildConfiguration;
			buildSettings = {
				ALWAYS_EMBED_SWIFT_STANDARD_LIBRARIES = YES;
				CODE_SIGN_STYLE = Automatic;
				CURRENT_PROJECT_VERSION = 1;
				DEVELOPMENT_TEAM = 7HL4K7BKC6;
				GENERATE_INFOPLIST_FILE = YES;
				MARKETING_VERSION = 1.0;
				PRODUCT_BUNDLE_IDENTIFIER = com.nurchoirudin.MandiriTMDBUITests;
				PRODUCT_NAME = "$(TARGET_NAME)";
				SWIFT_EMIT_LOC_STRINGS = NO;
				SWIFT_VERSION = 5.0;
				TARGETED_DEVICE_FAMILY = "1,2";
				TEST_TARGET_NAME = MandiriTMDB;
			};
			name = Debug;
		};
		9FE8C84E2998EE6F0045A89F /* Release */ = {
			isa = XCBuildConfiguration;
			buildSettings = {
				ALWAYS_EMBED_SWIFT_STANDARD_LIBRARIES = YES;
				CODE_SIGN_STYLE = Automatic;
				CURRENT_PROJECT_VERSION = 1;
				DEVELOPMENT_TEAM = 7HL4K7BKC6;
				GENERATE_INFOPLIST_FILE = YES;
				MARKETING_VERSION = 1.0;
				PRODUCT_BUNDLE_IDENTIFIER = com.nurchoirudin.MandiriTMDBUITests;
				PRODUCT_NAME = "$(TARGET_NAME)";
				SWIFT_EMIT_LOC_STRINGS = NO;
				SWIFT_VERSION = 5.0;
				TARGETED_DEVICE_FAMILY = "1,2";
				TEST_TARGET_NAME = MandiriTMDB;
			};
			name = Release;
		};
/* End XCBuildConfiguration section */

/* Begin XCConfigurationList section */
		9FE8C8172998EE6E0045A89F /* Build configuration list for PBXProject "MandiriTMDB" */ = {
			isa = XCConfigurationList;
			buildConfigurations = (
				9FE8C8442998EE6F0045A89F /* Debug */,
				9FE8C8452998EE6F0045A89F /* Release */,
			);
			defaultConfigurationIsVisible = 0;
			defaultConfigurationName = Release;
		};
		9FE8C8462998EE6F0045A89F /* Build configuration list for PBXNativeTarget "MandiriTMDB" */ = {
			isa = XCConfigurationList;
			buildConfigurations = (
				9FE8C8472998EE6F0045A89F /* Debug */,
				9FE8C8482998EE6F0045A89F /* Release */,
			);
			defaultConfigurationIsVisible = 0;
			defaultConfigurationName = Release;
		};
		9FE8C8492998EE6F0045A89F /* Build configuration list for PBXNativeTarget "MandiriTMDBTests" */ = {
			isa = XCConfigurationList;
			buildConfigurations = (
				9FE8C84A2998EE6F0045A89F /* Debug */,
				9FE8C84B2998EE6F0045A89F /* Release */,
			);
			defaultConfigurationIsVisible = 0;
			defaultConfigurationName = Release;
		};
		9FE8C84C2998EE6F0045A89F /* Build configuration list for PBXNativeTarget "MandiriTMDBUITests" */ = {
			isa = XCConfigurationList;
			buildConfigurations = (
				9FE8C84D2998EE6F0045A89F /* Debug */,
				9FE8C84E2998EE6F0045A89F /* Release */,
			);
			defaultConfigurationIsVisible = 0;
			defaultConfigurationName = Release;
		};
/* End XCConfigurationList section */
	};
	rootObject = 9FE8C8142998EE6E0045A89F /* Project object */;
}
